{
  "name": "@defra/bng-errors-lib",
<<<<<<< HEAD
<<<<<<< HEAD
  "version": "0.220.10",
=======
  "version": "0.234.0",
>>>>>>> feature/BNGP-3637-windows-defender
=======
<<<<<<< HEAD
  "version": "0.234.10",
=======
  "version": "0.235.0",
>>>>>>> master
=======
  "version": "0.236.0",
>>>>>>> master
>>>>>>> master
  "lockfileVersion": 2,
  "requires": true,
  "packages": {
    "": {
      "name": "@defra/bng-errors-lib",
<<<<<<< HEAD
<<<<<<< HEAD
      "version": "0.220.10",
=======
      "version": "0.234.0",
>>>>>>> feature/BNGP-3637-windows-defender
=======
<<<<<<< HEAD
      "version": "0.234.10",
=======
      "version": "0.235.0",
>>>>>>> master
=======
      "version": "0.236.0",
>>>>>>> master
>>>>>>> master
      "license": "OGL-UK-3.0"
    }
  }
}
